
Microsoft Visual Studio Solution File, Format Version 12.00
# Visual Studio Version 17
VisualStudioVersion = 17.8.34330.188
MinimumVisualStudioVersion = 10.0.40219.1
Project("{FAE04EC0-301F-11D3-BF4B-00C04F79EFBC}") = "PocLogRabbitMq", "PocLogRabbitMq\PocLogRabbitMq.csproj", "{B192273B-3838-4268-927D-CE0CCC6735CB}"
EndProject
Global
	GlobalSection(SolutionConfigurationPlatforms) = preSolution
		Debug|Any CPU = Debug|Any CPU
		Release|Any CPU = Release|Any CPU
	EndGlobalSection
	GlobalSection(ProjectConfigurationPlatforms) = postSolution
		{B192273B-3838-4268-927D-CE0CCC6735CB}.Debug|Any CPU.ActiveCfg = Debug|Any CPU
		{B192273B-3838-4268-927D-CE0CCC6735CB}.Debug|Any CPU.Build.0 = Debug|Any CPU
		{B192273B-3838-4268-927D-CE0CCC6735CB}.Release|Any CPU.ActiveCfg = Release|Any CPU
		{B192273B-3838-4268-927D-CE0CCC6735CB}.Release|Any CPU.Build.0 = Release|Any CPU
	EndGlobalSection
	GlobalSection(SolutionProperties) = preSolution
		HideSolutionNode = FALSE
	EndGlobalSection
	GlobalSection(ExtensibilityGlobals) = postSolution
		SolutionGuid = {991D0845-E0E2-4E84-B94F-14BED25B5B8E}
	EndGlobalSection
EndGlobal
